
Microsoft Visual Studio Solution File, Format Version 12.00
# Visual Studio 2013
VisualStudioVersion = 12.0.30723.0
MinimumVisualStudioVersion = 10.0.40219.1
Project("{F2A71F9B-5D33-465A-A702-920D77279786}") = "99problemsFsharp", "99problemsFsharp\99problemsFsharp.fsproj", "{662BB257-02EC-4083-8D8A-B16BFB528C16}"
EndProject
Global
	GlobalSection(TeamFoundationVersionControl) = preSolution
		SccNumberOfProjects = 2
		SccEnterpriseProvider = {4CA58AB2-18FA-4F8D-95D4-32DDF27D184C}
		SccTeamFoundationServer = https://gdziadkiewicz.visualstudio.com/defaultcollection
		SccLocalPath0 = .
		SccProjectUniqueName1 = 99problemsFsharp\\99problemsFsharp.fsproj
		SccProjectName1 = 99problemsFsharp
		SccLocalPath1 = 99problemsFsharp
	EndGlobalSection
	GlobalSection(SolutionConfigurationPlatforms) = preSolution
		Debug|Any CPU = Debug|Any CPU
		Release|Any CPU = Release|Any CPU
	EndGlobalSection
	GlobalSection(ProjectConfigurationPlatforms) = postSolution
		{662BB257-02EC-4083-8D8A-B16BFB528C16}.Debug|Any CPU.ActiveCfg = Debug|Any CPU
		{662BB257-02EC-4083-8D8A-B16BFB528C16}.Debug|Any CPU.Build.0 = Debug|Any CPU
		{662BB257-02EC-4083-8D8A-B16BFB528C16}.Release|Any CPU.ActiveCfg = Release|Any CPU
		{662BB257-02EC-4083-8D8A-B16BFB528C16}.Release|Any CPU.Build.0 = Release|Any CPU
	EndGlobalSection
	GlobalSection(SolutionProperties) = preSolution
		HideSolutionNode = FALSE
	EndGlobalSection
EndGlobal
